
Microsoft Visual Studio Solution File, Format Version 12.00
# Visual Studio Version 17
VisualStudioVersion = 17.1.32210.238
MinimumVisualStudioVersion = 10.0.40219.1
Project("{9A19103F-16F7-4668-BE54-9A1E7A4F7556}") = "Speed Up PC And Internet", "Speed Up PC And Internet\Speed Up PC And Internet.csproj", "{FE0F99FC-C80D-4F1F-B8D1-C3D1F799A432}"
EndProject
Global
	GlobalSection(SolutionConfigurationPlatforms) = preSolution
		Debug|Any CPU = Debug|Any CPU
		Release|Any CPU = Release|Any CPU
	EndGlobalSection
	GlobalSection(ProjectConfigurationPlatforms) = postSolution
		{FE0F99FC-C80D-4F1F-B8D1-C3D1F799A432}.Debug|Any CPU.ActiveCfg = Debug|Any CPU
		{FE0F99FC-C80D-4F1F-B8D1-C3D1F799A432}.Debug|Any CPU.Build.0 = Debug|Any CPU
		{FE0F99FC-C80D-4F1F-B8D1-C3D1F799A432}.Release|Any CPU.ActiveCfg = Release|Any CPU
		{FE0F99FC-C80D-4F1F-B8D1-C3D1F799A432}.Release|Any CPU.Build.0 = Release|Any CPU
	EndGlobalSection
	GlobalSection(SolutionProperties) = preSolution
		HideSolutionNode = FALSE
	EndGlobalSection
	GlobalSection(ExtensibilityGlobals) = postSolution
		SolutionGuid = {297C3FF7-3350-4983-B0F1-A29CB7A5C7FD}
	EndGlobalSection
EndGlobal
